
Microsoft Visual Studio Solution File, Format Version 12.00
# Visual Studio 15
VisualStudioVersion = 15.0.26124.0
MinimumVisualStudioVersion = 15.0.26124.0
Project("{FAE04EC0-301F-11D3-BF4B-00C04F79EFBC}") = "BeadSort.Console", "BeadSort.Console\BeadSort.Console.csproj", "{2178E1A3-7C63-4F3A-B69A-F612E4550D2D}"
EndProject
Project("{FAE04EC0-301F-11D3-BF4B-00C04F79EFBC}") = "BeadSort.Web", "BeadSort.Web\BeadSort.Web.csproj", "{66F078C3-EA0D-43F9-A172-AF39640911BD}"
EndProject
Global
	GlobalSection(SolutionConfigurationPlatforms) = preSolution
		Debug|Any CPU = Debug|Any CPU
		Debug|x64 = Debug|x64
		Debug|x86 = Debug|x86
		Release|Any CPU = Release|Any CPU
		Release|x64 = Release|x64
		Release|x86 = Release|x86
	EndGlobalSection
	GlobalSection(SolutionProperties) = preSolution
		HideSolutionNode = FALSE
	EndGlobalSection
	GlobalSection(ProjectConfigurationPlatforms) = postSolution
		{2178E1A3-7C63-4F3A-B69A-F612E4550D2D}.Debug|Any CPU.ActiveCfg = Debug|Any CPU
		{2178E1A3-7C63-4F3A-B69A-F612E4550D2D}.Debug|Any CPU.Build.0 = Debug|Any CPU
		{2178E1A3-7C63-4F3A-B69A-F612E4550D2D}.Debug|x64.ActiveCfg = Debug|Any CPU
		{2178E1A3-7C63-4F3A-B69A-F612E4550D2D}.Debug|x64.Build.0 = Debug|Any CPU
		{2178E1A3-7C63-4F3A-B69A-F612E4550D2D}.Debug|x86.ActiveCfg = Debug|Any CPU
		{2178E1A3-7C63-4F3A-B69A-F612E4550D2D}.Debug|x86.Build.0 = Debug|Any CPU
		{2178E1A3-7C63-4F3A-B69A-F612E4550D2D}.Release|Any CPU.ActiveCfg = Release|Any CPU
		{2178E1A3-7C63-4F3A-B69A-F612E4550D2D}.Release|Any CPU.Build.0 = Release|Any CPU
		{2178E1A3-7C63-4F3A-B69A-F612E4550D2D}.Release|x64.ActiveCfg = Release|Any CPU
		{2178E1A3-7C63-4F3A-B69A-F612E4550D2D}.Release|x64.Build.0 = Release|Any CPU
		{2178E1A3-7C63-4F3A-B69A-F612E4550D2D}.Release|x86.ActiveCfg = Release|Any CPU
		{2178E1A3-7C63-4F3A-B69A-F612E4550D2D}.Release|x86.Build.0 = Release|Any CPU
		{66F078C3-EA0D-43F9-A172-AF39640911BD}.Debug|Any CPU.ActiveCfg = Debug|Any CPU
		{66F078C3-EA0D-43F9-A172-AF39640911BD}.Debug|Any CPU.Build.0 = Debug|Any CPU
		{66F078C3-EA0D-43F9-A172-AF39640911BD}.Debug|x64.ActiveCfg = Debug|Any CPU
		{66F078C3-EA0D-43F9-A172-AF39640911BD}.Debug|x64.Build.0 = Debug|Any CPU
		{66F078C3-EA0D-43F9-A172-AF39640911BD}.Debug|x86.ActiveCfg = Debug|Any CPU
		{66F078C3-EA0D-43F9-A172-AF39640911BD}.Debug|x86.Build.0 = Debug|Any CPU
		{66F078C3-EA0D-43F9-A172-AF39640911BD}.Release|Any CPU.ActiveCfg = Release|Any CPU
		{66F078C3-EA0D-43F9-A172-AF39640911BD}.Release|Any CPU.Build.0 = Release|Any CPU
		{66F078C3-EA0D-43F9-A172-AF39640911BD}.Release|x64.ActiveCfg = Release|Any CPU
		{66F078C3-EA0D-43F9-A172-AF39640911BD}.Release|x64.Build.0 = Release|Any CPU
		{66F078C3-EA0D-43F9-A172-AF39640911BD}.Release|x86.ActiveCfg = Release|Any CPU
		{66F078C3-EA0D-43F9-A172-AF39640911BD}.Release|x86.Build.0 = Release|Any CPU
	EndGlobalSection
EndGlobal
